{
  "originHash" : "7149aff67fb8fa17101ae4393f7bd4956897dc685d6e2ab6590bf20f21e037a9",
  "pins" : [
    {
      "identity" : "colorselector",
      "kind" : "remoteSourceControl",
      "location" : "https://github.com/jaywcjlove/ColorSelector",
      "state" : {
        "branch" : "main",
        "revision" : "c953d9a8bbb880376d9d789dab569b1c4192d9dd"
      }
    },
    {
      "identity" : "similarity-search-kit",
      "kind" : "remoteSourceControl",
      "location" : "https://github.com/ZachNagengast/similarity-search-kit.git",
      "state" : {
        "revision" : "9bec54706c8124bb9b20a3a06d566066a9f55712",
        "version" : "0.0.15"
      }
    }
  ],
  "version" : 3
}
